
Microsoft Visual Studio Solution File, Format Version 12.00
# Visual Studio Version 17
VisualStudioVersion = 17.8.34322.80
MinimumVisualStudioVersion = 10.0.40219.1
Project("{9A19103F-16F7-4668-BE54-9A1E7A4F7556}") = "dz_lock", "dz_lock\dz_lock.csproj", "{8FA29D21-00F2-45F6-9126-F9C63155B981}"
EndProject
Project("{FAE04EC0-301F-11D3-BF4B-00C04F79EFBC}") = "_02", "_02\_02.csproj", "{20279F46-5DA0-4854-BDE2-4B3B0894E422}"
EndProject
Project("{FAE04EC0-301F-11D3-BF4B-00C04F79EFBC}") = "_03", "_03\_03.csproj", "{5EF2A30C-F419-45BF-87E1-94EE5D98764C}"
EndProject
Project("{FAE04EC0-301F-11D3-BF4B-00C04F79EFBC}") = "_04", "_04\_04.csproj", "{F73FCB07-02B2-4B2C-AD09-BD166F293BB5}"
EndProject
Global
	GlobalSection(SolutionConfigurationPlatforms) = preSolution
		Debug|Any CPU = Debug|Any CPU
		Release|Any CPU = Release|Any CPU
	EndGlobalSection
	GlobalSection(ProjectConfigurationPlatforms) = postSolution
		{8FA29D21-00F2-45F6-9126-F9C63155B981}.Debug|Any CPU.ActiveCfg = Debug|Any CPU
		{8FA29D21-00F2-45F6-9126-F9C63155B981}.Debug|Any CPU.Build.0 = Debug|Any CPU
		{8FA29D21-00F2-45F6-9126-F9C63155B981}.Release|Any CPU.ActiveCfg = Release|Any CPU
		{8FA29D21-00F2-45F6-9126-F9C63155B981}.Release|Any CPU.Build.0 = Release|Any CPU
		{20279F46-5DA0-4854-BDE2-4B3B0894E422}.Debug|Any CPU.ActiveCfg = Debug|Any CPU
		{20279F46-5DA0-4854-BDE2-4B3B0894E422}.Debug|Any CPU.Build.0 = Debug|Any CPU
		{20279F46-5DA0-4854-BDE2-4B3B0894E422}.Release|Any CPU.ActiveCfg = Release|Any CPU
		{20279F46-5DA0-4854-BDE2-4B3B0894E422}.Release|Any CPU.Build.0 = Release|Any CPU
		{5EF2A30C-F419-45BF-87E1-94EE5D98764C}.Debug|Any CPU.ActiveCfg = Debug|Any CPU
		{5EF2A30C-F419-45BF-87E1-94EE5D98764C}.Debug|Any CPU.Build.0 = Debug|Any CPU
		{5EF2A30C-F419-45BF-87E1-94EE5D98764C}.Release|Any CPU.ActiveCfg = Release|Any CPU
		{5EF2A30C-F419-45BF-87E1-94EE5D98764C}.Release|Any CPU.Build.0 = Release|Any CPU
		{F73FCB07-02B2-4B2C-AD09-BD166F293BB5}.Debug|Any CPU.ActiveCfg = Debug|Any CPU
		{F73FCB07-02B2-4B2C-AD09-BD166F293BB5}.Debug|Any CPU.Build.0 = Debug|Any CPU
		{F73FCB07-02B2-4B2C-AD09-BD166F293BB5}.Release|Any CPU.ActiveCfg = Release|Any CPU
		{F73FCB07-02B2-4B2C-AD09-BD166F293BB5}.Release|Any CPU.Build.0 = Release|Any CPU
	EndGlobalSection
	GlobalSection(SolutionProperties) = preSolution
		HideSolutionNode = FALSE
	EndGlobalSection
	GlobalSection(ExtensibilityGlobals) = postSolution
		SolutionGuid = {6AC5A894-8473-4028-91CF-04E24F8C736C}
	EndGlobalSection
EndGlobal
